
Microsoft Visual Studio Solution File, Format Version 11.00
# Visual Studio 2010 Express for Windows Phone
Project("{FAE04EC0-301F-11D3-BF4B-00C04F79EFBC}") = "SpaceOctopusContent", "SpaceOctopus\SpaceOctopusContent\SpaceOctopusContent.contentproj", "{0F5A690A-0A9E-4566-B8EC-520C05F651C1}"
EndProject
Project("{FAE04EC0-301F-11D3-BF4B-00C04F79EFBC}") = "SpaceOctopus2010", "SpaceOctopus\SpaceOctopus\SpaceOctopus2010.csproj", "{B3026D35-8142-468C-B0D1-7EC197DF2FE8}"
EndProject
Global
	GlobalSection(SolutionConfigurationPlatforms) = preSolution
		Android|Any CPU = Android|Any CPU
		Android|Mixed Platforms = Android|Mixed Platforms
		Android|Windows Phone = Android|Windows Phone
		Android|x86 = Android|x86
		Debug|Any CPU = Debug|Any CPU
		Debug|Mixed Platforms = Debug|Mixed Platforms
		Debug|Windows Phone = Debug|Windows Phone
		Debug|x86 = Debug|x86
		iOS|Any CPU = iOS|Any CPU
		iOS|Mixed Platforms = iOS|Mixed Platforms
		iOS|Windows Phone = iOS|Windows Phone
		iOS|x86 = iOS|x86
		Linux|Any CPU = Linux|Any CPU
		Linux|Mixed Platforms = Linux|Mixed Platforms
		Linux|Windows Phone = Linux|Windows Phone
		Linux|x86 = Linux|x86
		OSX|Any CPU = OSX|Any CPU
		OSX|Mixed Platforms = OSX|Mixed Platforms
		OSX|Windows Phone = OSX|Windows Phone
		OSX|x86 = OSX|x86
		Profiling|Any CPU = Profiling|Any CPU
		Profiling|Mixed Platforms = Profiling|Mixed Platforms
		Profiling|Windows Phone = Profiling|Windows Phone
		Profiling|x86 = Profiling|x86
		PSM|Any CPU = PSM|Any CPU
		PSM|Mixed Platforms = PSM|Mixed Platforms
		PSM|Windows Phone = PSM|Windows Phone
		PSM|x86 = PSM|x86
		Release|Any CPU = Release|Any CPU
		Release|Mixed Platforms = Release|Mixed Platforms
		Release|Windows Phone = Release|Windows Phone
		Release|x86 = Release|x86
		Windows|Any CPU = Windows|Any CPU
		Windows|Mixed Platforms = Windows|Mixed Platforms
		Windows|Windows Phone = Windows|Windows Phone
		Windows|x86 = Windows|x86
		Windows8|Any CPU = Windows8|Any CPU
		Windows8|Mixed Platforms = Windows8|Mixed Platforms
		Windows8|Windows Phone = Windows8|Windows Phone
		Windows8|x86 = Windows8|x86
	EndGlobalSection
	GlobalSection(ProjectConfigurationPlatforms) = postSolution
		{0F5A690A-0A9E-4566-B8EC-520C05F651C1}.Android|Any CPU.ActiveCfg = Debug|Any CPU
		{0F5A690A-0A9E-4566-B8EC-520C05F651C1}.Android|Mixed Platforms.ActiveCfg = Debug|Any CPU
		{0F5A690A-0A9E-4566-B8EC-520C05F651C1}.Android|Windows Phone.ActiveCfg = Debug|Any CPU
		{0F5A690A-0A9E-4566-B8EC-520C05F651C1}.Android|x86.ActiveCfg = Debug|Any CPU
		{0F5A690A-0A9E-4566-B8EC-520C05F651C1}.Debug|Any CPU.ActiveCfg = Debug|Any CPU
		{0F5A690A-0A9E-4566-B8EC-520C05F651C1}.Debug|Mixed Platforms.ActiveCfg = Debug|Any CPU
		{0F5A690A-0A9E-4566-B8EC-520C05F651C1}.Debug|Windows Phone.ActiveCfg = Debug|Any CPU
		{0F5A690A-0A9E-4566-B8EC-520C05F651C1}.Debug|x86.ActiveCfg = Debug|Any CPU
		{0F5A690A-0A9E-4566-B8EC-520C05F651C1}.iOS|Any CPU.ActiveCfg = Debug|Any CPU
		{0F5A690A-0A9E-4566-B8EC-520C05F651C1}.iOS|Mixed Platforms.ActiveCfg = Debug|Any CPU
		{0F5A690A-0A9E-4566-B8EC-520C05F651C1}.iOS|Windows Phone.ActiveCfg = Debug|Any CPU
		{0F5A690A-0A9E-4566-B8EC-520C05F651C1}.iOS|x86.ActiveCfg = Debug|Any CPU
		{0F5A690A-0A9E-4566-B8EC-520C05F651C1}.Linux|Any CPU.ActiveCfg = Debug|Any CPU
		{0F5A690A-0A9E-4566-B8EC-520C05F651C1}.Linux|Mixed Platforms.ActiveCfg = Debug|Any CPU
		{0F5A690A-0A9E-4566-B8EC-520C05F651C1}.Linux|Windows Phone.ActiveCfg = Debug|Any CPU
		{0F5A690A-0A9E-4566-B8EC-520C05F651C1}.Linux|x86.ActiveCfg = Debug|Any CPU
		{0F5A690A-0A9E-4566-B8EC-520C05F651C1}.OSX|Any CPU.ActiveCfg = Debug|Any CPU
		{0F5A690A-0A9E-4566-B8EC-520C05F651C1}.OSX|Mixed Platforms.ActiveCfg = Debug|Any CPU
		{0F5A690A-0A9E-4566-B8EC-520C05F651C1}.OSX|Windows Phone.ActiveCfg = Debug|Any CPU
		{0F5A690A-0A9E-4566-B8EC-520C05F651C1}.OSX|x86.ActiveCfg = Debug|Any CPU
		{0F5A690A-0A9E-4566-B8EC-520C05F651C1}.Profiling|Any CPU.ActiveCfg = Debug|Any CPU
		{0F5A690A-0A9E-4566-B8EC-520C05F651C1}.Profiling|Mixed Platforms.ActiveCfg = Debug|Any CPU
		{0F5A690A-0A9E-4566-B8EC-520C05F651C1}.Profiling|Windows Phone.ActiveCfg = Debug|Any CPU
		{0F5A690A-0A9E-4566-B8EC-520C05F651C1}.Profiling|x86.ActiveCfg = Debug|Any CPU
		{0F5A690A-0A9E-4566-B8EC-520C05F651C1}.PSM|Any CPU.ActiveCfg = Debug|Any CPU
		{0F5A690A-0A9E-4566-B8EC-520C05F651C1}.PSM|Mixed Platforms.ActiveCfg = Debug|Any CPU
		{0F5A690A-0A9E-4566-B8EC-520C05F651C1}.PSM|Windows Phone.ActiveCfg = Debug|Any CPU
		{0F5A690A-0A9E-4566-B8EC-520C05F651C1}.PSM|x86.ActiveCfg = Debug|Any CPU
		{0F5A690A-0A9E-4566-B8EC-520C05F651C1}.Release|Any CPU.ActiveCfg = Debug|Any CPU
		{0F5A690A-0A9E-4566-B8EC-520C05F651C1}.Release|Mixed Platforms.ActiveCfg = Debug|Any CPU
		{0F5A690A-0A9E-4566-B8EC-520C05F651C1}.Release|Windows Phone.ActiveCfg = Debug|Any CPU
		{0F5A690A-0A9E-4566-B8EC-520C05F651C1}.Release|x86.ActiveCfg = Debug|Any CPU
		{0F5A690A-0A9E-4566-B8EC-520C05F651C1}.Windows|Any CPU.ActiveCfg = Debug|Any CPU
		{0F5A690A-0A9E-4566-B8EC-520C05F651C1}.Windows|Mixed Platforms.ActiveCfg = Debug|Any CPU
		{0F5A690A-0A9E-4566-B8EC-520C05F651C1}.Windows|Windows Phone.ActiveCfg = Debug|Any CPU
		{0F5A690A-0A9E-4566-B8EC-520C05F651C1}.Windows|x86.ActiveCfg = Debug|Any CPU
		{0F5A690A-0A9E-4566-B8EC-520C05F651C1}.Windows8|Any CPU.ActiveCfg = Debug|Any CPU
		{0F5A690A-0A9E-4566-B8EC-520C05F651C1}.Windows8|Mixed Platforms.ActiveCfg = Debug|Any CPU
		{0F5A690A-0A9E-4566-B8EC-520C05F651C1}.Windows8|Windows Phone.ActiveCfg = Debug|Any CPU
		{0F5A690A-0A9E-4566-B8EC-520C05F651C1}.Windows8|x86.ActiveCfg = Debug|Any CPU
		{B3026D35-8142-468C-B0D1-7EC197DF2FE8}.Android|Any CPU.ActiveCfg = Profiling|x86
		{B3026D35-8142-468C-B0D1-7EC197DF2FE8}.Android|Mixed Platforms.ActiveCfg = Profiling|x86
		{B3026D35-8142-468C-B0D1-7EC197DF2FE8}.Android|Mixed Platforms.Build.0 = Profiling|x86
		{B3026D35-8142-468C-B0D1-7EC197DF2FE8}.Android|Windows Phone.ActiveCfg = Profiling|x86
		{B3026D35-8142-468C-B0D1-7EC197DF2FE8}.Android|x86.ActiveCfg = Profiling|x86
		{B3026D35-8142-468C-B0D1-7EC197DF2FE8}.Android|x86.Build.0 = Profiling|x86
		{B3026D35-8142-468C-B0D1-7EC197DF2FE8}.Debug|Any CPU.ActiveCfg = Debug|x86
		{B3026D35-8142-468C-B0D1-7EC197DF2FE8}.Debug|Mixed Platforms.ActiveCfg = Debug|x86
		{B3026D35-8142-468C-B0D1-7EC197DF2FE8}.Debug|Mixed Platforms.Build.0 = Debug|x86
		{B3026D35-8142-468C-B0D1-7EC197DF2FE8}.Debug|Windows Phone.ActiveCfg = Debug|x86
		{B3026D35-8142-468C-B0D1-7EC197DF2FE8}.Debug|x86.ActiveCfg = Debug|x86
		{B3026D35-8142-468C-B0D1-7EC197DF2FE8}.Debug|x86.Build.0 = Debug|x86
		{B3026D35-8142-468C-B0D1-7EC197DF2FE8}.iOS|Any CPU.ActiveCfg = Profiling|x86
		{B3026D35-8142-468C-B0D1-7EC197DF2FE8}.iOS|Mixed Platforms.ActiveCfg = Profiling|x86
		{B3026D35-8142-468C-B0D1-7EC197DF2FE8}.iOS|Mixed Platforms.Build.0 = Profiling|x86
		{B3026D35-8142-468C-B0D1-7EC197DF2FE8}.iOS|Windows Phone.ActiveCfg = Profiling|x86
		{B3026D35-8142-468C-B0D1-7EC197DF2FE8}.iOS|x86.ActiveCfg = Profiling|x86
		{B3026D35-8142-468C-B0D1-7EC197DF2FE8}.iOS|x86.Build.0 = Profiling|x86
		{B3026D35-8142-468C-B0D1-7EC197DF2FE8}.Linux|Any CPU.ActiveCfg = Profiling|x86
		{B3026D35-8142-468C-B0D1-7EC197DF2FE8}.Linux|Mixed Platforms.ActiveCfg = Profiling|x86
		{B3026D35-8142-468C-B0D1-7EC197DF2FE8}.Linux|Mixed Platforms.Build.0 = Profiling|x86
		{B3026D35-8142-468C-B0D1-7EC197DF2FE8}.Linux|Windows Phone.ActiveCfg = Profiling|x86
		{B3026D35-8142-468C-B0D1-7EC197DF2FE8}.Linux|x86.ActiveCfg = Profiling|x86
		{B3026D35-8142-468C-B0D1-7EC197DF2FE8}.Linux|x86.Build.0 = Profiling|x86
		{B3026D35-8142-468C-B0D1-7EC197DF2FE8}.OSX|Any CPU.ActiveCfg = Profiling|x86
		{B3026D35-8142-468C-B0D1-7EC197DF2FE8}.OSX|Mixed Platforms.ActiveCfg = Profiling|x86
		{B3026D35-8142-468C-B0D1-7EC197DF2FE8}.OSX|Mixed Platforms.Build.0 = Profiling|x86
		{B3026D35-8142-468C-B0D1-7EC197DF2FE8}.OSX|Windows Phone.ActiveCfg = Profiling|x86
		{B3026D35-8142-468C-B0D1-7EC197DF2FE8}.OSX|x86.ActiveCfg = Profiling|x86
		{B3026D35-8142-468C-B0D1-7EC197DF2FE8}.OSX|x86.Build.0 = Profiling|x86
		{B3026D35-8142-468C-B0D1-7EC197DF2FE8}.Profiling|Any CPU.ActiveCfg = Profiling|x86
		{B3026D35-8142-468C-B0D1-7EC197DF2FE8}.Profiling|Mixed Platforms.ActiveCfg = Profiling|x86
		{B3026D35-8142-468C-B0D1-7EC197DF2FE8}.Profiling|Mixed Platforms.Build.0 = Profiling|x86
		{B3026D35-8142-468C-B0D1-7EC197DF2FE8}.Profiling|Windows Phone.ActiveCfg = Profiling|x86
		{B3026D35-8142-468C-B0D1-7EC197DF2FE8}.Profiling|x86.ActiveCfg = Profiling|x86
		{B3026D35-8142-468C-B0D1-7EC197DF2FE8}.Profiling|x86.Build.0 = Profiling|x86
		{B3026D35-8142-468C-B0D1-7EC197DF2FE8}.PSM|Any CPU.ActiveCfg = Profiling|x86
		{B3026D35-8142-468C-B0D1-7EC197DF2FE8}.PSM|Mixed Platforms.ActiveCfg = Profiling|x86
		{B3026D35-8142-468C-B0D1-7EC197DF2FE8}.PSM|Mixed Platforms.Build.0 = Profiling|x86
		{B3026D35-8142-468C-B0D1-7EC197DF2FE8}.PSM|Windows Phone.ActiveCfg = Profiling|x86
		{B3026D35-8142-468C-B0D1-7EC197DF2FE8}.PSM|x86.ActiveCfg = Profiling|x86
		{B3026D35-8142-468C-B0D1-7EC197DF2FE8}.PSM|x86.Build.0 = Profiling|x86
		{B3026D35-8142-468C-B0D1-7EC197DF2FE8}.Release|Any CPU.ActiveCfg = Release|x86
		{B3026D35-8142-468C-B0D1-7EC197DF2FE8}.Release|Mixed Platforms.ActiveCfg = Release|x86
		{B3026D35-8142-468C-B0D1-7EC197DF2FE8}.Release|Mixed Platforms.Build.0 = Release|x86
		{B3026D35-8142-468C-B0D1-7EC197DF2FE8}.Release|Windows Phone.ActiveCfg = Release|x86
		{B3026D35-8142-468C-B0D1-7EC197DF2FE8}.Release|x86.ActiveCfg = Release|x86
		{B3026D35-8142-468C-B0D1-7EC197DF2FE8}.Release|x86.Build.0 = Release|x86
		{B3026D35-8142-468C-B0D1-7EC197DF2FE8}.Windows|Any CPU.ActiveCfg = Profiling|x86
		{B3026D35-8142-468C-B0D1-7EC197DF2FE8}.Windows|Mixed Platforms.ActiveCfg = Profiling|x86
		{B3026D35-8142-468C-B0D1-7EC197DF2FE8}.Windows|Mixed Platforms.Build.0 = Profiling|x86
		{B3026D35-8142-468C-B0D1-7EC197DF2FE8}.Windows|Windows Phone.ActiveCfg = Profiling|x86
		{B3026D35-8142-468C-B0D1-7EC197DF2FE8}.Windows|x86.ActiveCfg = Profiling|x86
		{B3026D35-8142-468C-B0D1-7EC197DF2FE8}.Windows|x86.Build.0 = Profiling|x86
		{B3026D35-8142-468C-B0D1-7EC197DF2FE8}.Windows8|Any CPU.ActiveCfg = Profiling|x86
		{B3026D35-8142-468C-B0D1-7EC197DF2FE8}.Windows8|Mixed Platforms.ActiveCfg = Profiling|x86
		{B3026D35-8142-468C-B0D1-7EC197DF2FE8}.Windows8|Mixed Platforms.Build.0 = Profiling|x86
		{B3026D35-8142-468C-B0D1-7EC197DF2FE8}.Windows8|Windows Phone.ActiveCfg = Profiling|x86
		{B3026D35-8142-468C-B0D1-7EC197DF2FE8}.Windows8|x86.ActiveCfg = Profiling|x86
		{B3026D35-8142-468C-B0D1-7EC197DF2FE8}.Windows8|x86.Build.0 = Profiling|x86
	EndGlobalSection
	GlobalSection(SolutionProperties) = preSolution
		HideSolutionNode = FALSE
	EndGlobalSection
EndGlobal
